Microsoft Visual Studio Solution File, Format Version 12.00
# Visual Studio 14
VisualStudioVersion = 14.0.24720.0
MinimumVisualStudioVersion = 10.0.40219.1
Project("{FAE04EC0-301F-11D3-BF4B-00C04F79EFBC}") = "Wolfje.Plugins.SEconomy.CmdAliasModule", "Wolfje.Plugins.SEconomy.CmdAliasModule\Wolfje.Plugins.SEconomy.CmdAliasModule.csproj", "{5AD4FA4F-48D2-4E73-80B1-DF57A18C1757}"
EndProject
Project("{FAE04EC0-301F-11D3-BF4B-00C04F79EFBC}") = "Wolfje.Plugins.SEconomy.SEconomyScriptPlugin", "Wolfje.Plugins.SEconomy.SEconomyScriptPlugin\Wolfje.Plugins.SEconomy.SEconomyScriptPlugin.csproj", "{93793D44-AEBE-4BA0-9179-E8B7F359DFE4}"
EndProject
Project("{FAE04EC0-301F-11D3-BF4B-00C04F79EFBC}") = "Wolfje.Plugins.SEconomy.JistAliasModule", "Wolfje.Plugins.SEconomy.JistAliasModule\Wolfje.Plugins.SEconomy.JistAliasModule.csproj", "{2C3A06F7-BB0C-4E61-A349-B49E9833752D}"
EndProject
Project("{FAE04EC0-301F-11D3-BF4B-00C04F79EFBC}") = "Wolfje.Plugins.Jist", "Wolfje.Plugins.Jist\Wolfje.Plugins.Jist.csproj", "{A5D74A08-E4D3-4A46-99C5-F197F7FB8E0D}"
EndProject
Project("{FAE04EC0-301F-11D3-BF4B-00C04F79EFBC}") = "Wolfje.Plugins.SEconomy", "Wolfje.Plugins.SEconomy\Wolfje.Plugins.SEconomy.csproj", "{92A34FB3-13AE-4EB7-9035-1C2B043B1110}"
EndProject
Global
	GlobalSection(SolutionConfigurationPlatforms) = preSolution
		Debug|AnyCPU = Debug|AnyCPU
		Release|AnyCPU = Release|AnyCPU
	EndGlobalSection
	GlobalSection(ProjectConfigurationPlatforms) = postSolution
		{5AD4FA4F-48D2-4E73-80B1-DF57A18C1757}.Debug|AnyCPU.ActiveCfg = Debug|AnyCPU
		{5AD4FA4F-48D2-4E73-80B1-DF57A18C1757}.Debug|AnyCPU.Build.0 = Debug|AnyCPU
		{5AD4FA4F-48D2-4E73-80B1-DF57A18C1757}.Release|AnyCPU.ActiveCfg = Release|AnyCPU
		{5AD4FA4F-48D2-4E73-80B1-DF57A18C1757}.Release|AnyCPU.Build.0 = Release|AnyCPU
		{93793D44-AEBE-4BA0-9179-E8B7F359DFE4}.Debug|AnyCPU.ActiveCfg = Debug|AnyCPU
		{93793D44-AEBE-4BA0-9179-E8B7F359DFE4}.Debug|AnyCPU.Build.0 = Debug|AnyCPU
		{93793D44-AEBE-4BA0-9179-E8B7F359DFE4}.Release|AnyCPU.ActiveCfg = Release|AnyCPU
		{93793D44-AEBE-4BA0-9179-E8B7F359DFE4}.Release|AnyCPU.Build.0 = Release|AnyCPU
		{2C3A06F7-BB0C-4E61-A349-B49E9833752D}.Debug|AnyCPU.ActiveCfg = Debug|AnyCPU
		{2C3A06F7-BB0C-4E61-A349-B49E9833752D}.Debug|AnyCPU.Build.0 = Debug|AnyCPU
		{2C3A06F7-BB0C-4E61-A349-B49E9833752D}.Release|AnyCPU.ActiveCfg = Release|AnyCPU
		{2C3A06F7-BB0C-4E61-A349-B49E9833752D}.Release|AnyCPU.Build.0 = Release|AnyCPU
		{A5D74A08-E4D3-4A46-99C5-F197F7FB8E0D}.Debug|AnyCPU.ActiveCfg = Debug|AnyCPU
		{A5D74A08-E4D3-4A46-99C5-F197F7FB8E0D}.Debug|AnyCPU.Build.0 = Debug|AnyCPU
		{A5D74A08-E4D3-4A46-99C5-F197F7FB8E0D}.Release|AnyCPU.ActiveCfg = Release|AnyCPU
		{A5D74A08-E4D3-4A46-99C5-F197F7FB8E0D}.Release|AnyCPU.Build.0 = Release|AnyCPU
		{92A34FB3-13AE-4EB7-9035-1C2B043B1110}.Debug|AnyCPU.ActiveCfg = Debug|AnyCPU
		{92A34FB3-13AE-4EB7-9035-1C2B043B1110}.Debug|AnyCPU.Build.0 = Debug|AnyCPU
		{92A34FB3-13AE-4EB7-9035-1C2B043B1110}.Release|AnyCPU.ActiveCfg = Release|AnyCPU
		{92A34FB3-13AE-4EB7-9035-1C2B043B1110}.Release|AnyCPU.Build.0 = Release|AnyCPU
	EndGlobalSection
	GlobalSection(SolutionProperties) = preSolution
		HideSolutionNode = FALSE
	EndGlobalSection
EndGlobal
